{
  "name": "res-pareto-filesystem",
  "version": "0.26.0",
  "lockfileVersion": 2,
  "requires": true,
  "packages": {
    "": {
      "name": "res-pareto-filesystem",
      "version": "0.26.0",
      "license": "ISC",
      "dependencies": {
        "api-pareto-filesystem": "^0.11.0",
        "pareto-core-internals": "^0.8.0"
      },
      "devDependencies": {
        "@types/node": "^18.7.21"
      }
    },
    "node_modules/@types/node": {
      "version": "18.7.21",
      "resolved": "https://registry.npmjs.org/@types/node/-/node-18.7.21.tgz",
      "integrity": "sha512-rLFzK5bhM0YPyCoTC8bolBjMk7bwnZ8qeZUBslBfjZQou2ssJdWslx9CZ8DGM+Dx7QXQiiTVZ/6QO6kwtHkZCA==",
      "dev": true
    },
    "node_modules/api-pareto-filesystem": {
      "version": "0.11.0",
      "resolved": "https://registry.npmjs.org/api-pareto-filesystem/-/api-pareto-filesystem-0.11.0.tgz",
      "integrity": "sha512-waYezacd+SoLIFhATFrMVsM15OtI3S9tJPLDcM8/m584vwddGtEkInS4xveSPFkvlJF5zhrBeBCM9jfZy1TVEw==",
      "dependencies": {
        "pareto-core-types": "^0.6.0"
      }
    },
    "node_modules/pareto-core-internals": {
      "version": "0.8.0",
      "resolved": "https://registry.npmjs.org/pareto-core-internals/-/pareto-core-internals-0.8.0.tgz",
      "integrity": "sha512-T6uyarcFcODa8bRF/zLoAjMwNSyaY+Xsmv/lI5OipQQ2hnujCUx7XVT8+uveOgZ4kzKctRwbnfKRcVEcRgKSfQ==",
      "dependencies": {
        "pareto-core-types": "^0.6.0"
      }
    },
    "node_modules/pareto-core-types": {
      "version": "0.6.0",
      "resolved": "https://registry.npmjs.org/pareto-core-types/-/pareto-core-types-0.6.0.tgz",
      "integrity": "sha512-q9M6w+M6kgJBaroffQto9oRqsBKDpYI+JbJgO+7wVUx5QPew9kEsdevkNfjPPPWhq0grRg9Nj3t2gQy6wXyL2g=="
    }
  },
  "dependencies": {
    "@types/node": {
      "version": "18.7.21",
      "resolved": "https://registry.npmjs.org/@types/node/-/node-18.7.21.tgz",
      "integrity": "sha512-rLFzK5bhM0YPyCoTC8bolBjMk7bwnZ8qeZUBslBfjZQou2ssJdWslx9CZ8DGM+Dx7QXQiiTVZ/6QO6kwtHkZCA==",
      "dev": true
    },
    "api-pareto-filesystem": {
      "version": "0.11.0",
      "resolved": "https://registry.npmjs.org/api-pareto-filesystem/-/api-pareto-filesystem-0.11.0.tgz",
      "integrity": "sha512-waYezacd+SoLIFhATFrMVsM15OtI3S9tJPLDcM8/m584vwddGtEkInS4xveSPFkvlJF5zhrBeBCM9jfZy1TVEw==",
      "requires": {
        "pareto-core-types": "^0.6.0"
      }
    },
    "pareto-core-internals": {
      "version": "0.8.0",
      "resolved": "https://registry.npmjs.org/pareto-core-internals/-/pareto-core-internals-0.8.0.tgz",
      "integrity": "sha512-T6uyarcFcODa8bRF/zLoAjMwNSyaY+Xsmv/lI5OipQQ2hnujCUx7XVT8+uveOgZ4kzKctRwbnfKRcVEcRgKSfQ==",
      "requires": {
        "pareto-core-types": "^0.6.0"
      }
    },
    "pareto-core-types": {
      "version": "0.6.0",
      "resolved": "https://registry.npmjs.org/pareto-core-types/-/pareto-core-types-0.6.0.tgz",
      "integrity": "sha512-q9M6w+M6kgJBaroffQto9oRqsBKDpYI+JbJgO+7wVUx5QPew9kEsdevkNfjPPPWhq0grRg9Nj3t2gQy6wXyL2g=="
    }
  }
}
